{
  "name": "@icemourne/tool-box",
  "version": "1.0.0",
  "lockfileVersion": 2,
  "requires": true,
  "packages": {
    "": {
      "name": "@icemourne/tool-box",
      "version": "1.0.0",
      "license": "MIT",
      "dependencies": {
        "@icemourne/description-converter": "^1.0.6",
        "@icemourne/tool-box": "^1.0.11"
      },
      "devDependencies": {
        "@types/lodash": "^4.14.191",
        "@types/node": "^18.11.18",
        "typescript": "^4.9.4"
      }
    },
    "node_modules/@icemourne/description-converter": {
      "version": "1.0.6",
      "resolved": "https://registry.npmjs.org/@icemourne/description-converter/-/description-converter-1.0.6.tgz",
      "integrity": "sha512-0+kbSZwj12rwI3XcmpR2BYsh5e4sPlYvTo1zggHxyg8RLbEMHRC06aZm19upCejbjTtFCqkCi76Xtt062TXzRQ==",
      "dependencies": {
        "@icemourne/tool-box": "^1.0.11",
        "lodash": "^4.17.21"
      }
    },
    "node_modules/@icemourne/tool-box": {
      "version": "1.0.11",
      "resolved": "https://registry.npmjs.org/@icemourne/tool-box/-/tool-box-1.0.11.tgz",
      "integrity": "sha512-OxatP+w3H3TakKV6qK+ial912AC/4UeF9j8db9OYW09n4+vVqVnqOC8R/Xzk7c3X9cb4oWbueLdl7Fk2nQjAxg==",
      "dependencies": {
        "lodash": "^4.17.21"
      }
    },
    "node_modules/@types/lodash": {
      "version": "4.14.191",
      "resolved": "https://registry.npmjs.org/@types/lodash/-/lodash-4.14.191.tgz",
      "integrity": "sha512-BdZ5BCCvho3EIXw6wUCXHe7rS53AIDPLE+JzwgT+OsJk53oBfbSmZZ7CX4VaRoN78N+TJpFi9QPlfIVNmJYWxQ==",
      "dev": true
    },
    "node_modules/@types/node": {
      "version": "18.11.18",
      "resolved": "https://registry.npmjs.org/@types/node/-/node-18.11.18.tgz",
      "integrity": "sha512-DHQpWGjyQKSHj3ebjFI/wRKcqQcdR+MoFBygntYOZytCqNfkd2ZC4ARDJ2DQqhjH5p85Nnd3jhUJIXrszFX/JA==",
      "dev": true
    },
    "node_modules/lodash": {
      "version": "4.17.21",
      "resolved": "https://registry.npmjs.org/lodash/-/lodash-4.17.21.tgz",
      "integrity": "sha512-v2kDEe57lecTulaDIuNTPy3Ry4gLGJ6Z1O3vE1krgXZNrsQ+LFTGHVxVjcXPs17LhbZVGedAJv8XZ1tvj5FvSg=="
    },
    "node_modules/typescript": {
      "version": "4.9.4",
      "resolved": "https://registry.npmjs.org/typescript/-/typescript-4.9.4.tgz",
      "integrity": "sha512-Uz+dTXYzxXXbsFpM86Wh3dKCxrQqUcVMxwU54orwlJjOpO3ao8L7j5lH+dWfTwgCwIuM9GQ2kvVotzYJMXTBZg==",
      "dev": true,
      "bin": {
        "tsc": "bin/tsc",
        "tsserver": "bin/tsserver"
      },
      "engines": {
        "node": ">=4.2.0"
      }
    }
  },
  "dependencies": {
    "@icemourne/description-converter": {
      "version": "1.0.6",
      "resolved": "https://registry.npmjs.org/@icemourne/description-converter/-/description-converter-1.0.6.tgz",
      "integrity": "sha512-0+kbSZwj12rwI3XcmpR2BYsh5e4sPlYvTo1zggHxyg8RLbEMHRC06aZm19upCejbjTtFCqkCi76Xtt062TXzRQ==",
      "requires": {
        "@icemourne/tool-box": "^1.0.11",
        "lodash": "^4.17.21"
      }
    },
    "@icemourne/tool-box": {
      "version": "1.0.11",
      "resolved": "https://registry.npmjs.org/@icemourne/tool-box/-/tool-box-1.0.11.tgz",
      "integrity": "sha512-OxatP+w3H3TakKV6qK+ial912AC/4UeF9j8db9OYW09n4+vVqVnqOC8R/Xzk7c3X9cb4oWbueLdl7Fk2nQjAxg==",
      "requires": {
        "lodash": "^4.17.21"
      }
    },
    "@types/lodash": {
      "version": "4.14.191",
      "resolved": "https://registry.npmjs.org/@types/lodash/-/lodash-4.14.191.tgz",
      "integrity": "sha512-BdZ5BCCvho3EIXw6wUCXHe7rS53AIDPLE+JzwgT+OsJk53oBfbSmZZ7CX4VaRoN78N+TJpFi9QPlfIVNmJYWxQ==",
      "dev": true
    },
    "@types/node": {
      "version": "18.11.18",
      "resolved": "https://registry.npmjs.org/@types/node/-/node-18.11.18.tgz",
      "integrity": "sha512-DHQpWGjyQKSHj3ebjFI/wRKcqQcdR+MoFBygntYOZytCqNfkd2ZC4ARDJ2DQqhjH5p85Nnd3jhUJIXrszFX/JA==",
      "dev": true
    },
    "lodash": {
      "version": "4.17.21",
      "resolved": "https://registry.npmjs.org/lodash/-/lodash-4.17.21.tgz",
      "integrity": "sha512-v2kDEe57lecTulaDIuNTPy3Ry4gLGJ6Z1O3vE1krgXZNrsQ+LFTGHVxVjcXPs17LhbZVGedAJv8XZ1tvj5FvSg=="
    },
    "typescript": {
      "version": "4.9.4",
      "resolved": "https://registry.npmjs.org/typescript/-/typescript-4.9.4.tgz",
      "integrity": "sha512-Uz+dTXYzxXXbsFpM86Wh3dKCxrQqUcVMxwU54orwlJjOpO3ao8L7j5lH+dWfTwgCwIuM9GQ2kvVotzYJMXTBZg==",
      "dev": true
    }
  }
}
