{
  "name": "live_database_converter",
  "version": "1.0.0",
  "lockfileVersion": 3,
  "requires": true,
  "packages": {
    "": {
      "name": "live_database_converter",
      "version": "1.0.0",
      "license": "MIT",
      "dependencies": {
        "@icemourne/description-converter": "^1.0.49",
        "@icemourne/tool-box": "^1.0.41",
        "lodash": "^4.17.21"
      },
      "devDependencies": {
        "@types/lodash": "^4.14.195",
        "@types/node": "^20.2.5",
        "typescript": "^5.1.3"
      }
    },
    "node_modules/@icemourne/description-converter": {
      "version": "1.0.49",
      "resolved": "https://registry.npmjs.org/@icemourne/description-converter/-/description-converter-1.0.49.tgz",
      "integrity": "sha512-W+7JoMU6nE/LR+6wAli7h197Zv7iGrBv7rSP4QZ9GTg8pSai52vqPMDtC2IIQMIX1xS29kXZMjG+ArM8eS8Sxg==",
      "dependencies": {
        "@icemourne/description-converter": "^1.0.48",
        "@icemourne/tool-box": "^1.0.41",
        "lodash": "^4.17.21"
      }
    },
    "node_modules/@icemourne/tool-box": {
      "version": "1.0.41",
      "resolved": "https://registry.npmjs.org/@icemourne/tool-box/-/tool-box-1.0.41.tgz",
      "integrity": "sha512-SiZHaOIhtx0ft+IIN/bBuL8Y/mXDha3Mj7ux1OdrKWK4fpfbIvuz6Fdnz7PXWo6MuNhAdLCozwQSsssT8MZsIw==",
      "dependencies": {
        "idb-keyval": "^6.2.1",
        "lodash": "^4.17.21"
      }
    },
    "node_modules/@types/lodash": {
      "version": "4.14.195",
      "resolved": "https://registry.npmjs.org/@types/lodash/-/lodash-4.14.195.tgz",
      "integrity": "sha512-Hwx9EUgdwf2GLarOjQp5ZH8ZmblzcbTBC2wtQWNKARBSxM9ezRIAUpeDTgoQRAFB0+8CNWXVA9+MaSOzOF3nPg==",
      "dev": true
    },
    "node_modules/@types/node": {
      "version": "20.2.5",
      "resolved": "https://registry.npmjs.org/@types/node/-/node-20.2.5.tgz",
      "integrity": "sha512-JJulVEQXmiY9Px5axXHeYGLSjhkZEnD+MDPDGbCbIAbMslkKwmygtZFy1X6s/075Yo94sf8GuSlFfPzysQrWZQ==",
      "dev": true
    },
    "node_modules/idb-keyval": {
      "version": "6.2.1",
      "resolved": "https://registry.npmjs.org/idb-keyval/-/idb-keyval-6.2.1.tgz",
      "integrity": "sha512-8Sb3veuYCyrZL+VBt9LJfZjLUPWVvqn8tG28VqYNFCo43KHcKuq+b4EiXGeuaLAQWL2YmyDgMp2aSpH9JHsEQg=="
    },
    "node_modules/lodash": {
      "version": "4.17.21",
      "resolved": "https://registry.npmjs.org/lodash/-/lodash-4.17.21.tgz",
      "integrity": "sha512-v2kDEe57lecTulaDIuNTPy3Ry4gLGJ6Z1O3vE1krgXZNrsQ+LFTGHVxVjcXPs17LhbZVGedAJv8XZ1tvj5FvSg=="
    },
    "node_modules/typescript": {
      "version": "5.1.3",
      "resolved": "https://registry.npmjs.org/typescript/-/typescript-5.1.3.tgz",
      "integrity": "sha512-XH627E9vkeqhlZFQuL+UsyAXEnibT0kWR2FWONlr4sTjvxyJYnyefgrkyECLzM5NenmKzRAy2rR/OlYLA1HkZw==",
      "dev": true,
      "bin": {
        "tsc": "bin/tsc",
        "tsserver": "bin/tsserver"
      },
      "engines": {
        "node": ">=14.17"
      }
    }
  }
}
