{
   "name": "@icemourne/tool-box",
   "version": "1.0.0",
   "lockfileVersion": 2,
   "requires": true,
   "packages": {
      "": {
         "name": "@icemourne/tool-box",
         "version": "1.0.0",
         "license": "MIT",
         "devDependencies": {
            "@icemourne/description-converter": "^1.0.46",
            "@icemourne/tool-box": "^1.0.38",
            "@types/lodash": "^4.14.195",
            "@types/node": "^20.2.5",
            "lodash": "^4.17.21",
            "typescript": "^5.1.3"
         }
      },
      "node_modules/@icemourne/description-converter": {
         "version": "1.0.46",
         "resolved": "https://registry.npmjs.org/@icemourne/description-converter/-/description-converter-1.0.46.tgz",
         "integrity": "sha512-Xeu9qbWcnUR5EeSHghJCkyvpKubCrFgW/xyaCY0BzDlEFlwmHF7iVUkfrSVegbz+/lOrxa9lagODRUtPXyG98A==",
         "dev": true,
         "dependencies": {
            "@icemourne/description-converter": "^1.0.45",
            "lodash": "^4.17.21"
         }
      },
      "node_modules/@icemourne/tool-box": {
         "version": "1.0.38",
         "resolved": "https://registry.npmjs.org/@icemourne/tool-box/-/tool-box-1.0.38.tgz",
         "integrity": "sha512-wtRPmnaonak9jYWafuev09CiNAVSsi/+GvbnXs1W8MNXCy89j/d1Mr/atuQ2gSa4oct2iojcQB5076v49JiCuQ==",
         "dev": true,
         "dependencies": {
            "lodash": "^4.17.21"
         }
      },
      "node_modules/@types/lodash": {
         "version": "4.14.195",
         "resolved": "https://registry.npmjs.org/@types/lodash/-/lodash-4.14.195.tgz",
         "integrity": "sha512-Hwx9EUgdwf2GLarOjQp5ZH8ZmblzcbTBC2wtQWNKARBSxM9ezRIAUpeDTgoQRAFB0+8CNWXVA9+MaSOzOF3nPg==",
         "dev": true
      },
      "node_modules/@types/node": {
         "version": "20.2.5",
         "resolved": "https://registry.npmjs.org/@types/node/-/node-20.2.5.tgz",
         "integrity": "sha512-JJulVEQXmiY9Px5axXHeYGLSjhkZEnD+MDPDGbCbIAbMslkKwmygtZFy1X6s/075Yo94sf8GuSlFfPzysQrWZQ==",
         "dev": true
      },
      "node_modules/lodash": {
         "version": "4.17.21",
         "resolved": "https://registry.npmjs.org/lodash/-/lodash-4.17.21.tgz",
         "integrity": "sha512-v2kDEe57lecTulaDIuNTPy3Ry4gLGJ6Z1O3vE1krgXZNrsQ+LFTGHVxVjcXPs17LhbZVGedAJv8XZ1tvj5FvSg==",
         "dev": true
      },
      "node_modules/typescript": {
         "version": "5.1.3",
         "resolved": "https://registry.npmjs.org/typescript/-/typescript-5.1.3.tgz",
         "integrity": "sha512-XH627E9vkeqhlZFQuL+UsyAXEnibT0kWR2FWONlr4sTjvxyJYnyefgrkyECLzM5NenmKzRAy2rR/OlYLA1HkZw==",
         "dev": true,
         "bin": {
            "tsc": "bin/tsc",
            "tsserver": "bin/tsserver"
         },
         "engines": {
            "node": ">=14.17"
         }
      }
   },
   "dependencies": {
      "@icemourne/description-converter": {
         "version": "1.0.46",
         "resolved": "https://registry.npmjs.org/@icemourne/description-converter/-/description-converter-1.0.46.tgz",
         "integrity": "sha512-Xeu9qbWcnUR5EeSHghJCkyvpKubCrFgW/xyaCY0BzDlEFlwmHF7iVUkfrSVegbz+/lOrxa9lagODRUtPXyG98A==",
         "dev": true,
         "requires": {
            "@icemourne/description-converter": "^1.0.45",
            "lodash": "^4.17.21"
         }
      },
      "@icemourne/tool-box": {
         "version": "1.0.38",
         "resolved": "https://registry.npmjs.org/@icemourne/tool-box/-/tool-box-1.0.38.tgz",
         "integrity": "sha512-wtRPmnaonak9jYWafuev09CiNAVSsi/+GvbnXs1W8MNXCy89j/d1Mr/atuQ2gSa4oct2iojcQB5076v49JiCuQ==",
         "dev": true,
         "requires": {
            "lodash": "^4.17.21"
         }
      },
      "@types/lodash": {
         "version": "4.14.195",
         "resolved": "https://registry.npmjs.org/@types/lodash/-/lodash-4.14.195.tgz",
         "integrity": "sha512-Hwx9EUgdwf2GLarOjQp5ZH8ZmblzcbTBC2wtQWNKARBSxM9ezRIAUpeDTgoQRAFB0+8CNWXVA9+MaSOzOF3nPg==",
         "dev": true
      },
      "@types/node": {
         "version": "20.2.5",
         "resolved": "https://registry.npmjs.org/@types/node/-/node-20.2.5.tgz",
         "integrity": "sha512-JJulVEQXmiY9Px5axXHeYGLSjhkZEnD+MDPDGbCbIAbMslkKwmygtZFy1X6s/075Yo94sf8GuSlFfPzysQrWZQ==",
         "dev": true
      },
      "lodash": {
         "version": "4.17.21",
         "resolved": "https://registry.npmjs.org/lodash/-/lodash-4.17.21.tgz",
         "integrity": "sha512-v2kDEe57lecTulaDIuNTPy3Ry4gLGJ6Z1O3vE1krgXZNrsQ+LFTGHVxVjcXPs17LhbZVGedAJv8XZ1tvj5FvSg==",
         "dev": true
      },
      "typescript": {
         "version": "5.1.3",
         "resolved": "https://registry.npmjs.org/typescript/-/typescript-5.1.3.tgz",
         "integrity": "sha512-XH627E9vkeqhlZFQuL+UsyAXEnibT0kWR2FWONlr4sTjvxyJYnyefgrkyECLzM5NenmKzRAy2rR/OlYLA1HkZw==",
         "dev": true
      }
   }
}
